// !$*UTF8*$!
{
	archiveVersion = 1;
	classes = {
	};
	objectVersion = 77;
	objects = {

/* Begin PBXBuildFile section */
		00E0690C8E32A6E3F92E3BA7 /* MigrationConsentSheet.swift in Sources */ = {isa = PBXBuildFile; fileRef = C986C47A1DC8F408F12B568D /* MigrationConsentSheet.swift */; };
		052520887DBA2F305505E718 /* SymbolValidator.swift in Sources */ = {isa = PBXBuildFile; fileRef = 52FEE397CF7C0505AB617A9E /* SymbolValidator.swift */; };
		0552EC52E6F42FD0F91E5974 /* Config.swift in Sources */ = {isa = PBXBuildFile; fileRef = 1E62EDE72F4C95ED46D7AD2E /* Config.swift */; };
		05E0B44F360252FE90D8BF35 /* SymbolCatalog.swift in Sources */ = {isa = PBXBuildFile; fileRef = B2F407FE40E5EF3E23C47326 /* SymbolCatalog.swift */; };
		07BA8A489C7EA8A5B7B03893 /* AppIcon.icns in Resources */ = {isa = PBXBuildFile; fileRef = 0BD2B23709F81767F72E8B18 /* AppIcon.icns */; };
		0F8876DFC17A4748651D0F9E /* SFLBridge.m in Sources */ = {isa = PBXBuildFile; fileRef = 22FE2A878EB571297FCD1F44 /* SFLBridge.m */; };
		25145B574968F42275F591B8 /* FavoriteRow.swift in Sources */ = {isa = PBXBuildFile; fileRef = 6BE5DFC21AD083DA6299058D /* FavoriteRow.swift */; };
		2876AF87BAC9189EE99832FC /* ContentView.swift in Sources */ = {isa = PBXBuildFile; fileRef = E33EDF718268412B7F826DEC /* ContentView.swift */; };
		2AA92A2970C9BD177BA88272 /* IconAuthority.swift in Sources */ = {isa = PBXBuildFile; fileRef = 1C0596EA28980B7E1FB021CA /* IconAuthority.swift */; };
		3449045C82D58B47741DDADC /* AddEditFavoriteSheet.swift in Sources */ = {isa = PBXBuildFile; fileRef = F28792F283612A4FC2B12E28 /* AddEditFavoriteSheet.swift */; };
		38474C65792EE4C852E90268 /* SVGGeometryParser.swift in Sources */ = {isa = PBXBuildFile; fileRef = B8E9F42D9171878ADD9CC1E1 /* SVGGeometryParser.swift */; };
		439029DFB0848F9B8C785302 /* CoreThemeCatalogWriter.m in Sources */ = {isa = PBXBuildFile; fileRef = BF9F07154C38DA5E6099DCBC /* CoreThemeCatalogWriter.m */; };
		448B1B61CA3435ADA48BB96F /* MenuBarIconStore.swift in Sources */ = {isa = PBXBuildFile; fileRef = E8BD9736476A052F2A50161D /* MenuBarIconStore.swift */; };
		4ADB732FAB8E4AE835B12766 /* SidebarItemManager.swift in Sources */ = {isa = PBXBuildFile; fileRef = 7F93EADB4893728A39BC0F09 /* SidebarItemManager.swift */; };
		4BAB0D71C84DB2038A79BE40 /* OSTypeAllocator.swift in Sources */ = {isa = PBXBuildFile; fileRef = F66B275483C4FD4F33A8C20C /* OSTypeAllocator.swift */; };
		4EE036577423D8C60164D5D4 /* FavoriteEditorWindow.swift in Sources */ = {isa = PBXBuildFile; fileRef = 0C4F19E1C4C373AA935F4520 /* FavoriteEditorWindow.swift */; };
		673744E11E88C626D10983E1 /* SigningIdentity.swift in Sources */ = {isa = PBXBuildFile; fileRef = 55902C37DF49AE55C76108F9 /* SigningIdentity.swift */; };
		7CC8DF9C125868C87CAD7785 /* FinderSyncAppGenerator.swift in Sources */ = {isa = PBXBuildFile; fileRef = C2D4A50A883319EFEAB89B57 /* FinderSyncAppGenerator.swift */; };
		7F66D24001BE09AA1AF29DE0 /* SymbolCatalogBuilder.swift in Sources */ = {isa = PBXBuildFile; fileRef = D80C91408215D5437D152321 /* SymbolCatalogBuilder.swift */; };
		8CA92AFDA6180712B2D47658 /* custom-icon-template.svg in Resources */ = {isa = PBXBuildFile; fileRef = 85F7BD2A6DD1A868DDEFA337 /* custom-icon-template.svg */; };
		8EB0B80609899DBC7F096E63 /* ProcessRunner.swift in Sources */ = {isa = PBXBuildFile; fileRef = F186785C1B2E73BAFFE1FB7E /* ProcessRunner.swift */; };
		8F458EA83BA78A498AD2BFDA /* IconHelperBundle.swift in Sources */ = {isa = PBXBuildFile; fileRef = D519AB06160576C3DAAC6057 /* IconHelperBundle.swift */; };
		916DD0CD6E5D7AA601D28BF5 /* RoopamApp.swift in Sources */ = {isa = PBXBuildFile; fileRef = A544DCD893CE8880DABEB363 /* RoopamApp.swift */; };
		92788DB54714ABFFF4DDD9BD /* SymbolTemplateSynthesizer.swift in Sources */ = {isa = PBXBuildFile; fileRef = 3D28DC8439D24236E5A6D298 /* SymbolTemplateSynthesizer.swift */; };
		9C00E53E5D16EA48775FEBCF /* FavoriteSyncCoordinator.swift in Sources */ = {isa = PBXBuildFile; fileRef = 3D4B63B58DDC796A0F81626E /* FavoriteSyncCoordinator.swift */; };
		9EDAEAEFA06C0318B3818E0C /* MigrationService.swift in Sources */ = {isa = PBXBuildFile; fileRef = 46B2A2855190B236E1340ABA /* MigrationService.swift */; };
		9F2551B574084477E0003FC0 /* SettingsView.swift in Sources */ = {isa = PBXBuildFile; fileRef = A4182B79F6FBC4556EECCB96 /* SettingsView.swift */; };
		A14BFDE748D5355D2A2265EE /* FinderService.swift in Sources */ = {isa = PBXBuildFile; fileRef = D78EB6AA1AB975B77E369ECE /* FinderService.swift */; };
		A5C170C9BEBCFFE9C572BC96 /* Favorite.swift in Sources */ = {isa = PBXBuildFile; fileRef = 94654D92B069C68956C0342E /* Favorite.swift */; };
		B06924040AB9DD750BF9F782 /* Assets.xcassets in Resources */ = {isa = PBXBuildFile; fileRef = 3A2A9F10C3173CBCF0F69A60 /* Assets.xcassets */; };
		B3A8B76884C393684672A21B /* AppVersion.swift in Sources */ = {isa = PBXBuildFile; fileRef = 4026AAEABF2BA4DF82DE4E62 /* AppVersion.swift */; };
		B5630DACD3A3AED9AE4162DB /* AppIcon-master-1024.png in Resources */ = {isa = PBXBuildFile; fileRef = F205EFE110E32159192B8D79 /* AppIcon-master-1024.png */; };
		BC8588899C9973FA08B935D4 /* SVGThumbnailView.swift in Sources */ = {isa = PBXBuildFile; fileRef = 57F4170519CA0B2F3C4CC1D5 /* SVGThumbnailView.swift */; };
		C270B44ABC83B25D248FE504 /* HelperIcon.icns in Resources */ = {isa = PBXBuildFile; fileRef = 8BE2C6190D205670F5798516 /* HelperIcon.icns */; };
		C304D82537E34BE413811D41 /* MenuBarView.swift in Sources */ = {isa = PBXBuildFile; fileRef = FCCCF6C1FEB4B5E963E2DC81 /* MenuBarView.swift */; };
		D1CE144B2D1020278777A481 /* SymbolBrowserSheet.swift in Sources */ = {isa = PBXBuildFile; fileRef = CB28CC7CA854D6E918A1DDB4 /* SymbolBrowserSheet.swift */; };
		DA5D5EF17A7593BD90F16600 /* CodeSigner.swift in Sources */ = {isa = PBXBuildFile; fileRef = E3439D15842AECAE640371AE /* CodeSigner.swift */; };
		DC88BBF64B4600FB0386C0B4 /* UpdateChecker.swift in Sources */ = {isa = PBXBuildFile; fileRef = A9F286900734F6179352EEA4 /* UpdateChecker.swift */; };
		F32E055B42B58F53E01013A1 /* ConfigManager.swift in Sources */ = {isa = PBXBuildFile; fileRef = EED494CB3B8D7A4460544CF9 /* ConfigManager.swift */; };
/* End PBXBuildFile section */

/* Begin PBXFileReference section */
		0BD2B23709F81767F72E8B18 /* AppIcon.icns */ = {isa = PBXFileReference; lastKnownFileType = image.icns; path = AppIcon.icns; sourceTree = "<group>"; };
		0C4F19E1C4C373AA935F4520 /* FavoriteEditorWindow.swift */ = {isa = PBXFileReference; lastKnownFileType = sourcecode.swift; path = FavoriteEditorWindow.swift; sourceTree = "<group>"; };
		147636508548FA032461B12F /* Roopam.app */ = {isa = PBXFileReference; explicitFileType = wrapper.application; includeInIndex = 0; path = Roopam.app; sourceTree = BUILT_PRODUCTS_DIR; };
		1C0596EA28980B7E1FB021CA /* IconAuthority.swift */ = {isa = PBXFileReference; lastKnownFileType = sourcecode.swift; path = IconAuthority.swift; sourceTree = "<group>"; };
		1E62EDE72F4C95ED46D7AD2E /* Config.swift */ = {isa = PBXFileReference; lastKnownFileType = sourcecode.swift; path = Config.swift; sourceTree = "<group>"; };
		22FE2A878EB571297FCD1F44 /* SFLBridge.m */ = {isa = PBXFileReference; lastKnownFileType = sourcecode.c.objc; path = SFLBridge.m; sourceTree = "<group>"; };
		3A2A9F10C3173CBCF0F69A60 /* Assets.xcassets */ = {isa = PBXFileReference; lastKnownFileType = folder.assetcatalog; path = Assets.xcassets; sourceTree = "<group>"; };
		3D28DC8439D24236E5A6D298 /* SymbolTemplateSynthesizer.swift */ = {isa = PBXFileReference; lastKnownFileType = sourcecode.swift; path = SymbolTemplateSynthesizer.swift; sourceTree = "<group>"; };
		3D4B63B58DDC796A0F81626E /* FavoriteSyncCoordinator.swift */ = {isa = PBXFileReference; lastKnownFileType = sourcecode.swift; path = FavoriteSyncCoordinator.swift; sourceTree = "<group>"; };
		4026AAEABF2BA4DF82DE4E62 /* AppVersion.swift */ = {isa = PBXFileReference; lastKnownFileType = sourcecode.swift; path = AppVersion.swift; sourceTree = "<group>"; };
		46B2A2855190B236E1340ABA /* MigrationService.swift */ = {isa = PBXFileReference; lastKnownFileType = sourcecode.swift; path = MigrationService.swift; sourceTree = "<group>"; };
		52FEE397CF7C0505AB617A9E /* SymbolValidator.swift */ = {isa = PBXFileReference; lastKnownFileType = sourcecode.swift; path = SymbolValidator.swift; sourceTree = "<group>"; };
		55902C37DF49AE55C76108F9 /* SigningIdentity.swift */ = {isa = PBXFileReference; lastKnownFileType = sourcecode.swift; path = SigningIdentity.swift; sourceTree = "<group>"; };
		56994A0E52942D4D13A9956B /* Info.plist */ = {isa = PBXFileReference; lastKnownFileType = text.plist; path = Info.plist; sourceTree = "<group>"; };
		57F4170519CA0B2F3C4CC1D5 /* SVGThumbnailView.swift */ = {isa = PBXFileReference; lastKnownFileType = sourcecode.swift; path = SVGThumbnailView.swift; sourceTree = "<group>"; };
		6BE5DFC21AD083DA6299058D /* FavoriteRow.swift */ = {isa = PBXFileReference; lastKnownFileType = sourcecode.swift; path = FavoriteRow.swift; sourceTree = "<group>"; };
		7F93EADB4893728A39BC0F09 /* SidebarItemManager.swift */ = {isa = PBXFileReference; lastKnownFileType = sourcecode.swift; path = SidebarItemManager.swift; sourceTree = "<group>"; };
		85F7BD2A6DD1A868DDEFA337 /* custom-icon-template.svg */ = {isa = PBXFileReference; path = "custom-icon-template.svg"; sourceTree = "<group>"; };
		8BE2C6190D205670F5798516 /* HelperIcon.icns */ = {isa = PBXFileReference; lastKnownFileType = image.icns; path = HelperIcon.icns; sourceTree = "<group>"; };
		94654D92B069C68956C0342E /* Favorite.swift */ = {isa = PBXFileReference; lastKnownFileType = sourcecode.swift; path = Favorite.swift; sourceTree = "<group>"; };
		A4182B79F6FBC4556EECCB96 /* SettingsView.swift */ = {isa = PBXFileReference; lastKnownFileType = sourcecode.swift; path = SettingsView.swift; sourceTree = "<group>"; };
		A544DCD893CE8880DABEB363 /* RoopamApp.swift */ = {isa = PBXFileReference; lastKnownFileType = sourcecode.swift; path = RoopamApp.swift; sourceTree = "<group>"; };
		A9F286900734F6179352EEA4 /* UpdateChecker.swift */ = {isa = PBXFileReference; lastKnownFileType = sourcecode.swift; path = UpdateChecker.swift; sourceTree = "<group>"; };
		B2F407FE40E5EF3E23C47326 /* SymbolCatalog.swift */ = {isa = PBXFileReference; lastKnownFileType = sourcecode.swift; path = SymbolCatalog.swift; sourceTree = "<group>"; };
		B8E9F42D9171878ADD9CC1E1 /* SVGGeometryParser.swift */ = {isa = PBXFileReference; lastKnownFileType = sourcecode.swift; path = SVGGeometryParser.swift; sourceTree = "<group>"; };
		BF9F07154C38DA5E6099DCBC /* CoreThemeCatalogWriter.m */ = {isa = PBXFileReference; lastKnownFileType = sourcecode.c.objc; path = CoreThemeCatalogWriter.m; sourceTree = "<group>"; };
		C2D4A50A883319EFEAB89B57 /* FinderSyncAppGenerator.swift */ = {isa = PBXFileReference; lastKnownFileType = sourcecode.swift; path = FinderSyncAppGenerator.swift; sourceTree = "<group>"; };
		C675A7C722D7988D48C49A11 /* SFLBridge.h */ = {isa = PBXFileReference; lastKnownFileType = sourcecode.c.h; path = SFLBridge.h; sourceTree = "<group>"; };
		C986C47A1DC8F408F12B568D /* MigrationConsentSheet.swift */ = {isa = PBXFileReference; lastKnownFileType = sourcecode.swift; path = MigrationConsentSheet.swift; sourceTree = "<group>"; };
		CB28CC7CA854D6E918A1DDB4 /* SymbolBrowserSheet.swift */ = {isa = PBXFileReference; lastKnownFileType = sourcecode.swift; path = SymbolBrowserSheet.swift; sourceTree = "<group>"; };
		D519AB06160576C3DAAC6057 /* IconHelperBundle.swift */ = {isa = PBXFileReference; lastKnownFileType = sourcecode.swift; path = IconHelperBundle.swift; sourceTree = "<group>"; };
		D531C619C37A346E160EB448 /* CoreThemeCatalogWriter.h */ = {isa = PBXFileReference; lastKnownFileType = sourcecode.c.h; path = CoreThemeCatalogWriter.h; sourceTree = "<group>"; };
		D78EB6AA1AB975B77E369ECE /* FinderService.swift */ = {isa = PBXFileReference; lastKnownFileType = sourcecode.swift; path = FinderService.swift; sourceTree = "<group>"; };
		D80C91408215D5437D152321 /* SymbolCatalogBuilder.swift */ = {isa = PBXFileReference; lastKnownFileType = sourcecode.swift; path = SymbolCatalogBuilder.swift; sourceTree = "<group>"; };
		E33EDF718268412B7F826DEC /* ContentView.swift */ = {isa = PBXFileReference; lastKnownFileType = sourcecode.swift; path = ContentView.swift; sourceTree = "<group>"; };
		E3439D15842AECAE640371AE /* CodeSigner.swift */ = {isa = PBXFileReference; lastKnownFileType = sourcecode.swift; path = CodeSigner.swift; sourceTree = "<group>"; };
		E8BD9736476A052F2A50161D /* MenuBarIconStore.swift */ = {isa = PBXFileReference; lastKnownFileType = sourcecode.swift; path = MenuBarIconStore.swift; sourceTree = "<group>"; };
		EA1619B88F402EAC58648E7D /* Roopam-Bridging-Header.h */ = {isa = PBXFileReference; lastKnownFileType = sourcecode.c.h; path = "Roopam-Bridging-Header.h"; sourceTree = "<group>"; };
		EED494CB3B8D7A4460544CF9 /* ConfigManager.swift */ = {isa = PBXFileReference; lastKnownFileType = sourcecode.swift; path = ConfigManager.swift; sourceTree = "<group>"; };
		F186785C1B2E73BAFFE1FB7E /* ProcessRunner.swift */ = {isa = PBXFileReference; lastKnownFileType = sourcecode.swift; path = ProcessRunner.swift; sourceTree = "<group>"; };
		F205EFE110E32159192B8D79 /* AppIcon-master-1024.png */ = {isa = PBXFileReference; lastKnownFileType = image.png; path = "AppIcon-master-1024.png"; sourceTree = "<group>"; };
		F28792F283612A4FC2B12E28 /* AddEditFavoriteSheet.swift */ = {isa = PBXFileReference; lastKnownFileType = sourcecode.swift; path = AddEditFavoriteSheet.swift; sourceTree = "<group>"; };
		F66B275483C4FD4F33A8C20C /* OSTypeAllocator.swift */ = {isa = PBXFileReference; lastKnownFileType = sourcecode.swift; path = OSTypeAllocator.swift; sourceTree = "<group>"; };
		FCCCF6C1FEB4B5E963E2DC81 /* MenuBarView.swift */ = {isa = PBXFileReference; lastKnownFileType = sourcecode.swift; path = MenuBarView.swift; sourceTree = "<group>"; };
/* End PBXFileReference section */

/* Begin PBXGroup section */
		07F3735980CE3481C5E602AC /* Resources */ = {
			isa = PBXGroup;
			children = (
				F205EFE110E32159192B8D79 /* AppIcon-master-1024.png */,
				0BD2B23709F81767F72E8B18 /* AppIcon.icns */,
				3A2A9F10C3173CBCF0F69A60 /* Assets.xcassets */,
				85F7BD2A6DD1A868DDEFA337 /* custom-icon-template.svg */,
				8BE2C6190D205670F5798516 /* HelperIcon.icns */,
			);
			path = Resources;
			sourceTree = "<group>";
		};
		5EB27C55F4D14CC6E1E78464 /* Roopam */ = {
			isa = PBXGroup;
			children = (
				56994A0E52942D4D13A9956B /* Info.plist */,
				EA1619B88F402EAC58648E7D /* Roopam-Bridging-Header.h */,
				A544DCD893CE8880DABEB363 /* RoopamApp.swift */,
				8DE6F1E485FE3BE773EB5C5B /* Models */,
				07F3735980CE3481C5E602AC /* Resources */,
				EC6B0ACA83F7A825C9E3CA98 /* Services */,
				FFCD9A9DA668F546C485B375 /* Views */,
			);
			path = Roopam;
			sourceTree = "<group>";
		};
		8DE6F1E485FE3BE773EB5C5B /* Models */ = {
			isa = PBXGroup;
			children = (
				1E62EDE72F4C95ED46D7AD2E /* Config.swift */,
				94654D92B069C68956C0342E /* Favorite.swift */,
				55902C37DF49AE55C76108F9 /* SigningIdentity.swift */,
			);
			path = Models;
			sourceTree = "<group>";
		};
		CBAF759A8D7D8A87491CDFC3 /* Products */ = {
			isa = PBXGroup;
			children = (
				147636508548FA032461B12F /* Roopam.app */,
			);
			name = Products;
			sourceTree = "<group>";
		};
		EC6B0ACA83F7A825C9E3CA98 /* Services */ = {
			isa = PBXGroup;
			children = (
				4026AAEABF2BA4DF82DE4E62 /* AppVersion.swift */,
				E3439D15842AECAE640371AE /* CodeSigner.swift */,
				EED494CB3B8D7A4460544CF9 /* ConfigManager.swift */,
				D531C619C37A346E160EB448 /* CoreThemeCatalogWriter.h */,
				BF9F07154C38DA5E6099DCBC /* CoreThemeCatalogWriter.m */,
				3D4B63B58DDC796A0F81626E /* FavoriteSyncCoordinator.swift */,
				D78EB6AA1AB975B77E369ECE /* FinderService.swift */,
				C2D4A50A883319EFEAB89B57 /* FinderSyncAppGenerator.swift */,
				1C0596EA28980B7E1FB021CA /* IconAuthority.swift */,
				D519AB06160576C3DAAC6057 /* IconHelperBundle.swift */,
				46B2A2855190B236E1340ABA /* MigrationService.swift */,
				F66B275483C4FD4F33A8C20C /* OSTypeAllocator.swift */,
				F186785C1B2E73BAFFE1FB7E /* ProcessRunner.swift */,
				C675A7C722D7988D48C49A11 /* SFLBridge.h */,
				22FE2A878EB571297FCD1F44 /* SFLBridge.m */,
				7F93EADB4893728A39BC0F09 /* SidebarItemManager.swift */,
				B8E9F42D9171878ADD9CC1E1 /* SVGGeometryParser.swift */,
				B2F407FE40E5EF3E23C47326 /* SymbolCatalog.swift */,
				D80C91408215D5437D152321 /* SymbolCatalogBuilder.swift */,
				3D28DC8439D24236E5A6D298 /* SymbolTemplateSynthesizer.swift */,
				52FEE397CF7C0505AB617A9E /* SymbolValidator.swift */,
				A9F286900734F6179352EEA4 /* UpdateChecker.swift */,
			);
			path = Services;
			sourceTree = "<group>";
		};
		F861356872C673D130EA4F26 = {
			isa = PBXGroup;
			children = (
				5EB27C55F4D14CC6E1E78464 /* Roopam */,
				CBAF759A8D7D8A87491CDFC3 /* Products */,
			);
			sourceTree = "<group>";
		};
		FFCD9A9DA668F546C485B375 /* Views */ = {
			isa = PBXGroup;
			children = (
				F28792F283612A4FC2B12E28 /* AddEditFavoriteSheet.swift */,
				E33EDF718268412B7F826DEC /* ContentView.swift */,
				0C4F19E1C4C373AA935F4520 /* FavoriteEditorWindow.swift */,
				6BE5DFC21AD083DA6299058D /* FavoriteRow.swift */,
				E8BD9736476A052F2A50161D /* MenuBarIconStore.swift */,
				FCCCF6C1FEB4B5E963E2DC81 /* MenuBarView.swift */,
				C986C47A1DC8F408F12B568D /* MigrationConsentSheet.swift */,
				A4182B79F6FBC4556EECCB96 /* SettingsView.swift */,
				57F4170519CA0B2F3C4CC1D5 /* SVGThumbnailView.swift */,
				CB28CC7CA854D6E918A1DDB4 /* SymbolBrowserSheet.swift */,
			);
			path = Views;
			sourceTree = "<group>";
		};
/* End PBXGroup section */

/* Begin PBXNativeTarget section */
		4E77466C52B6D77D33F6D94E /* Roopam */ = {
			isa = PBXNativeTarget;
			buildConfigurationList = C00C403C961C73FC910D5CC7 /* Build configuration list for PBXNativeTarget "Roopam" */;
			buildPhases = (
				A9A75BFFD0DF6263973369A5 /* Increment Build Number */,
				2E4185B4F0771FAD898F941E /* Sources */,
				3D4B1976198A7B5BEDEFBF48 /* Resources */,
				8E2EA73E074869EA58223CAA /* Build FinderSync Template */,
			);
			buildRules = (
			);
			dependencies = (
			);
			name = Roopam;
			packageProductDependencies = (
			);
			productName = Roopam;
			productReference = 147636508548FA032461B12F /* Roopam.app */;
			productType = "com.apple.product-type.application";
		};
/* End PBXNativeTarget section */

/* Begin PBXProject section */
		F05F70B0FEEA28FF049A819F /* Project object */ = {
			isa = PBXProject;
			attributes = {
				BuildIndependentTargetsInParallel = YES;
				LastUpgradeCheck = 1430;
				TargetAttributes = {
					4E77466C52B6D77D33F6D94E = {
						DevelopmentTeam = 7S422NVLUK;
						ProvisioningStyle = Manual;
					};
				};
			};
			buildConfigurationList = 3B7A51A3E29C4AB3BC1AA675 /* Build configuration list for PBXProject "Roopam" */;
			compatibilityVersion = "Xcode 14.0";
			developmentRegion = en;
			hasScannedForEncodings = 0;
			knownRegions = (
				Base,
				en,
			);
			mainGroup = F861356872C673D130EA4F26;
			minimizedProjectReferenceProxies = 1;
			preferredProjectObjectVersion = 77;
			projectDirPath = "";
			projectRoot = "";
			targets = (
				4E77466C52B6D77D33F6D94E /* Roopam */,
			);
		};
/* End PBXProject section */

/* Begin PBXResourcesBuildPhase section */
		3D4B1976198A7B5BEDEFBF48 /* Resources */ = {
			isa = PBXResourcesBuildPhase;
			buildActionMask = 2147483647;
			files = (
				B5630DACD3A3AED9AE4162DB /* AppIcon-master-1024.png in Resources */,
				07BA8A489C7EA8A5B7B03893 /* AppIcon.icns in Resources */,
				B06924040AB9DD750BF9F782 /* Assets.xcassets in Resources */,
				C270B44ABC83B25D248FE504 /* HelperIcon.icns in Resources */,
				8CA92AFDA6180712B2D47658 /* custom-icon-template.svg in Resources */,
			);
			runOnlyForDeploymentPostprocessing = 0;
		};
/* End PBXResourcesBuildPhase section */

/* Begin PBXShellScriptBuildPhase section */
		8E2EA73E074869EA58223CAA /* Build FinderSync Template */ = {
			isa = PBXShellScriptBuildPhase;
			alwaysOutOfDate = 1;
			buildActionMask = 2147483647;
			files = (
			);
			inputFileListPaths = (
			);
			inputPaths = (
			);
			name = "Build FinderSync Template";
			outputFileListPaths = (
			);
			outputPaths = (
			);
			runOnlyForDeploymentPostprocessing = 0;
			shellPath = /bin/sh;
			shellScript = "SRC=\"${SRCROOT}/Roopam/FinderSyncTemplate\"\nDEST=\"${TARGET_BUILD_DIR}/${UNLOCALIZED_RESOURCES_FOLDER_PATH}/FinderSyncTemplate\"\nmkdir -p \"$DEST\"\nxcrun swiftc -O -module-name SBFAdvHost \\\n  -o \"$DEST/host-bin\" \"$SRC/HostMain.swift\" || exit 1\nxcrun swiftc -O -module-name SBFAdvSync \\\n  -framework FinderSync -framework Cocoa \\\n  -Xlinker -e -Xlinker _NSExtensionMain \\\n  -o \"$DEST/appex-bin\" \"$SRC/FinderSyncExt.swift\" || exit 1\n";
		};
		A9A75BFFD0DF6263973369A5 /* Increment Build Number */ = {
			isa = PBXShellScriptBuildPhase;
			alwaysOutOfDate = 1;
			buildActionMask = 2147483647;
			files = (
			);
			inputFileListPaths = (
			);
			inputPaths = (
			);
			name = "Increment Build Number";
			outputFileListPaths = (
			);
			outputPaths = (
			);
			runOnlyForDeploymentPostprocessing = 0;
			shellPath = /bin/sh;
			shellScript = "PLIST_PATH=\"${SRCROOT}/${INFOPLIST_FILE}\"\nif [ -f \"$PLIST_PATH\" ]; then\n  BUILD_NUM=$(/usr/libexec/PlistBuddy -c \"Print :CFBundleVersion\" \"$PLIST_PATH\" 2>&1 | grep -E '^[0-9]+$' || echo \"0\")\n  if [ -z \"$BUILD_NUM\" ]; then BUILD_NUM=0; fi\n  NEW_BUILD_NUM=$((BUILD_NUM + 1))\n  if /usr/libexec/PlistBuddy -c \"Set :CFBundleVersion $NEW_BUILD_NUM\" \"$PLIST_PATH\"; then\n    echo \"Build number: $NEW_BUILD_NUM\"\n  else\n    echo \"warning: Increment Build Number could not write $PLIST_PATH (still at $BUILD_NUM)\" >&2\n  fi\nfi\n";
		};
/* End PBXShellScriptBuildPhase section */

/* Begin PBXSourcesBuildPhase section */
		2E4185B4F0771FAD898F941E /* Sources */ = {
			isa = PBXSourcesBuildPhase;
			buildActionMask = 2147483647;
			files = (
				3449045C82D58B47741DDADC /* AddEditFavoriteSheet.swift in Sources */,
				B3A8B76884C393684672A21B /* AppVersion.swift in Sources */,
				DA5D5EF17A7593BD90F16600 /* CodeSigner.swift in Sources */,
				0552EC52E6F42FD0F91E5974 /* Config.swift in Sources */,
				F32E055B42B58F53E01013A1 /* ConfigManager.swift in Sources */,
				2876AF87BAC9189EE99832FC /* ContentView.swift in Sources */,
				439029DFB0848F9B8C785302 /* CoreThemeCatalogWriter.m in Sources */,
				A5C170C9BEBCFFE9C572BC96 /* Favorite.swift in Sources */,
				4EE036577423D8C60164D5D4 /* FavoriteEditorWindow.swift in Sources */,
				25145B574968F42275F591B8 /* FavoriteRow.swift in Sources */,
				9C00E53E5D16EA48775FEBCF /* FavoriteSyncCoordinator.swift in Sources */,
				A14BFDE748D5355D2A2265EE /* FinderService.swift in Sources */,
				7CC8DF9C125868C87CAD7785 /* FinderSyncAppGenerator.swift in Sources */,
				2AA92A2970C9BD177BA88272 /* IconAuthority.swift in Sources */,
				8F458EA83BA78A498AD2BFDA /* IconHelperBundle.swift in Sources */,
				448B1B61CA3435ADA48BB96F /* MenuBarIconStore.swift in Sources */,
				C304D82537E34BE413811D41 /* MenuBarView.swift in Sources */,
				00E0690C8E32A6E3F92E3BA7 /* MigrationConsentSheet.swift in Sources */,
				9EDAEAEFA06C0318B3818E0C /* MigrationService.swift in Sources */,
				4BAB0D71C84DB2038A79BE40 /* OSTypeAllocator.swift in Sources */,
				8EB0B80609899DBC7F096E63 /* ProcessRunner.swift in Sources */,
				0F8876DFC17A4748651D0F9E /* SFLBridge.m in Sources */,
				38474C65792EE4C852E90268 /* SVGGeometryParser.swift in Sources */,
				BC8588899C9973FA08B935D4 /* SVGThumbnailView.swift in Sources */,
				9F2551B574084477E0003FC0 /* SettingsView.swift in Sources */,
				916DD0CD6E5D7AA601D28BF5 /* RoopamApp.swift in Sources */,
				4ADB732FAB8E4AE835B12766 /* SidebarItemManager.swift in Sources */,
				673744E11E88C626D10983E1 /* SigningIdentity.swift in Sources */,
				D1CE144B2D1020278777A481 /* SymbolBrowserSheet.swift in Sources */,
				05E0B44F360252FE90D8BF35 /* SymbolCatalog.swift in Sources */,
				7F66D24001BE09AA1AF29DE0 /* SymbolCatalogBuilder.swift in Sources */,
				92788DB54714ABFFF4DDD9BD /* SymbolTemplateSynthesizer.swift in Sources */,
				052520887DBA2F305505E718 /* SymbolValidator.swift in Sources */,
				DC88BBF64B4600FB0386C0B4 /* UpdateChecker.swift in Sources */,
			);
			runOnlyForDeploymentPostprocessing = 0;
		};
/* End PBXSourcesBuildPhase section */

/* Begin XCBuildConfiguration section */
		19919CD8EBF16336A5CBD827 /* Release */ = {
			isa = XCBuildConfiguration;
			buildSettings = {
				ASSETCATALOG_COMPILER_APPICON_NAME = AppIcon;
				CLANG_ENABLE_MODULES = YES;
				COMBINE_HIDPI_IMAGES = YES;
				INFOPLIST_FILE = Roopam/Info.plist;
				LD_RUNPATH_SEARCH_PATHS = (
					"$(inherited)",
					"@executable_path/../Frameworks",
				);
				MACOSX_DEPLOYMENT_TARGET = 26.0;
				PRODUCT_BUNDLE_IDENTIFIER = "local.roopam.Roopam";
				PRODUCT_NAME = "Roopam";
				SDKROOT = macosx;
				SWIFT_OBJC_BRIDGING_HEADER = "Roopam/Roopam-Bridging-Header.h";
				SWIFT_VERSION = 5.9;
			};
			name = Release;
		};
		485592DA01287D757F7B7EBA /* Debug */ = {
			isa = XCBuildConfiguration;
			buildSettings = {
				ASSETCATALOG_COMPILER_APPICON_NAME = AppIcon;
				CLANG_ENABLE_MODULES = YES;
				COMBINE_HIDPI_IMAGES = YES;
				INFOPLIST_FILE = Roopam/Info.plist;
				LD_RUNPATH_SEARCH_PATHS = (
					"$(inherited)",
					"@executable_path/../Frameworks",
				);
				MACOSX_DEPLOYMENT_TARGET = 26.0;
				PRODUCT_BUNDLE_IDENTIFIER = "local.roopam.Roopam";
				PRODUCT_NAME = "Roopam";
				SDKROOT = macosx;
				SWIFT_OBJC_BRIDGING_HEADER = "Roopam/Roopam-Bridging-Header.h";
				SWIFT_VERSION = 5.9;
			};
			name = Debug;
		};
		51F3F92E7AF34DFAE196B0DB /* Release */ = {
			isa = XCBuildConfiguration;
			buildSettings = {
				ALWAYS_SEARCH_USER_PATHS = NO;
				CLANG_ANALYZER_NONNULL = YES;
				CLANG_ANALYZER_NUMBER_OBJECT_CONVERSION = YES_AGGRESSIVE;
				CLANG_CXX_LANGUAGE_STANDARD = "gnu++14";
				CLANG_CXX_LIBRARY = "libc++";
				CLANG_ENABLE_MODULES = YES;
				CLANG_ENABLE_OBJC_ARC = YES;
				CLANG_ENABLE_OBJC_WEAK = YES;
				CLANG_WARN_BLOCK_CAPTURE_AUTORELEASING = YES;
				CLANG_WARN_BOOL_CONVERSION = YES;
				CLANG_WARN_COMMA = YES;
				CLANG_WARN_CONSTANT_CONVERSION = YES;
				CLANG_WARN_DEPRECATED_OBJC_IMPLEMENTATIONS = YES;
				CLANG_WARN_DIRECT_OBJC_ISA_USAGE = YES_ERROR;
				CLANG_WARN_DOCUMENTATION_COMMENTS = YES;
				CLANG_WARN_EMPTY_BODY = YES;
				CLANG_WARN_ENUM_CONVERSION = YES;
				CLANG_WARN_INFINITE_RECURSION = YES;
				CLANG_WARN_INT_CONVERSION = YES;
				CLANG_WARN_NON_LITERAL_NULL_CONVERSION = YES;
				CLANG_WARN_OBJC_IMPLICIT_RETAIN_SELF = YES;
				CLANG_WARN_OBJC_LITERAL_CONVERSION = YES;
				CLANG_WARN_OBJC_ROOT_CLASS = YES_ERROR;
				CLANG_WARN_QUOTED_INCLUDE_IN_FRAMEWORK_HEADER = YES;
				CLANG_WARN_RANGE_LOOP_ANALYSIS = YES;
				CLANG_WARN_STRICT_PROTOTYPES = YES;
				CLANG_WARN_SUSPICIOUS_MOVE = YES;
				CLANG_WARN_UNGUARDED_AVAILABILITY = YES_AGGRESSIVE;
				CLANG_WARN_UNREACHABLE_CODE = YES;
				CLANG_WARN__DUPLICATE_METHOD_MATCH = YES;
				CODE_SIGN_IDENTITY = "-";
				CODE_SIGN_STYLE = Manual;
				COPY_PHASE_STRIP = NO;
				DEAD_CODE_STRIPPING = YES;
				DEBUG_INFORMATION_FORMAT = "dwarf-with-dsym";
				DEVELOPMENT_TEAM = "";
				ENABLE_NS_ASSERTIONS = NO;
				ENABLE_STRICT_OBJC_MSGSEND = YES;
				ENABLE_USER_SCRIPT_SANDBOXING = NO;
				GCC_C_LANGUAGE_STANDARD = gnu11;
				GCC_NO_COMMON_BLOCKS = YES;
				GCC_WARN_64_TO_32_BIT_CONVERSION = YES;
				GCC_WARN_ABOUT_RETURN_TYPE = YES_ERROR;
				GCC_WARN_UNDECLARED_SELECTOR = YES;
				GCC_WARN_UNINITIALIZED_AUTOS = YES_AGGRESSIVE;
				GCC_WARN_UNUSED_FUNCTION = YES;
				GCC_WARN_UNUSED_VARIABLE = YES;
				MACOSX_DEPLOYMENT_TARGET = 26.0;
				MTL_ENABLE_DEBUG_INFO = NO;
				MTL_FAST_MATH = YES;
				PRODUCT_NAME = "$(TARGET_NAME)";
				SDKROOT = macosx;
				SWIFT_COMPILATION_MODE = wholemodule;
				SWIFT_OPTIMIZATION_LEVEL = "-O";
				SWIFT_VERSION = 5.0;
			};
			name = Release;
		};
		6882271F77D6705D684E0773 /* Debug */ = {
			isa = XCBuildConfiguration;
			buildSettings = {
				ALWAYS_SEARCH_USER_PATHS = NO;
				CLANG_ANALYZER_NONNULL = YES;
				CLANG_ANALYZER_NUMBER_OBJECT_CONVERSION = YES_AGGRESSIVE;
				CLANG_CXX_LANGUAGE_STANDARD = "gnu++14";
				CLANG_CXX_LIBRARY = "libc++";
				CLANG_ENABLE_MODULES = YES;
				CLANG_ENABLE_OBJC_ARC = YES;
				CLANG_ENABLE_OBJC_WEAK = YES;
				CLANG_WARN_BLOCK_CAPTURE_AUTORELEASING = YES;
				CLANG_WARN_BOOL_CONVERSION = YES;
				CLANG_WARN_COMMA = YES;
				CLANG_WARN_CONSTANT_CONVERSION = YES;
				CLANG_WARN_DEPRECATED_OBJC_IMPLEMENTATIONS = YES;
				CLANG_WARN_DIRECT_OBJC_ISA_USAGE = YES_ERROR;
				CLANG_WARN_DOCUMENTATION_COMMENTS = YES;
				CLANG_WARN_EMPTY_BODY = YES;
				CLANG_WARN_ENUM_CONVERSION = YES;
				CLANG_WARN_INFINITE_RECURSION = YES;
				CLANG_WARN_INT_CONVERSION = YES;
				CLANG_WARN_NON_LITERAL_NULL_CONVERSION = YES;
				CLANG_WARN_OBJC_IMPLICIT_RETAIN_SELF = YES;
				CLANG_WARN_OBJC_LITERAL_CONVERSION = YES;
				CLANG_WARN_OBJC_ROOT_CLASS = YES_ERROR;
				CLANG_WARN_QUOTED_INCLUDE_IN_FRAMEWORK_HEADER = YES;
				CLANG_WARN_RANGE_LOOP_ANALYSIS = YES;
				CLANG_WARN_STRICT_PROTOTYPES = YES;
				CLANG_WARN_SUSPICIOUS_MOVE = YES;
				CLANG_WARN_UNGUARDED_AVAILABILITY = YES_AGGRESSIVE;
				CLANG_WARN_UNREACHABLE_CODE = YES;
				CLANG_WARN__DUPLICATE_METHOD_MATCH = YES;
				CODE_SIGN_IDENTITY = "-";
				CODE_SIGN_STYLE = Manual;
				COPY_PHASE_STRIP = NO;
				DEAD_CODE_STRIPPING = YES;
				DEBUG_INFORMATION_FORMAT = dwarf;
				DEVELOPMENT_TEAM = "";
				ENABLE_STRICT_OBJC_MSGSEND = YES;
				ENABLE_TESTABILITY = YES;
				ENABLE_USER_SCRIPT_SANDBOXING = NO;
				GCC_C_LANGUAGE_STANDARD = gnu11;
				GCC_DYNAMIC_NO_PIC = NO;
				GCC_NO_COMMON_BLOCKS = YES;
				GCC_OPTIMIZATION_LEVEL = 0;
				GCC_PREPROCESSOR_DEFINITIONS = (
					"$(inherited)",
					"DEBUG=1",
				);
				GCC_WARN_64_TO_32_BIT_CONVERSION = YES;
				GCC_WARN_ABOUT_RETURN_TYPE = YES_ERROR;
				GCC_WARN_UNDECLARED_SELECTOR = YES;
				GCC_WARN_UNINITIALIZED_AUTOS = YES_AGGRESSIVE;
				GCC_WARN_UNUSED_FUNCTION = YES;
				GCC_WARN_UNUSED_VARIABLE = YES;
				MACOSX_DEPLOYMENT_TARGET = 26.0;
				MTL_ENABLE_DEBUG_INFO = INCLUDE_SOURCE;
				MTL_FAST_MATH = YES;
				ONLY_ACTIVE_ARCH = YES;
				PRODUCT_NAME = "$(TARGET_NAME)";
				SDKROOT = macosx;
				SWIFT_ACTIVE_COMPILATION_CONDITIONS = DEBUG;
				SWIFT_OPTIMIZATION_LEVEL = "-Onone";
				SWIFT_VERSION = 5.0;
			};
			name = Debug;
		};
/* End XCBuildConfiguration section */

/* Begin XCConfigurationList section */
		3B7A51A3E29C4AB3BC1AA675 /* Build configuration list for PBXProject "Roopam" */ = {
			isa = XCConfigurationList;
			buildConfigurations = (
				6882271F77D6705D684E0773 /* Debug */,
				51F3F92E7AF34DFAE196B0DB /* Release */,
			);
			defaultConfigurationIsVisible = 0;
			defaultConfigurationName = Debug;
		};
		C00C403C961C73FC910D5CC7 /* Build configuration list for PBXNativeTarget "Roopam" */ = {
			isa = XCConfigurationList;
			buildConfigurations = (
				485592DA01287D757F7B7EBA /* Debug */,
				19919CD8EBF16336A5CBD827 /* Release */,
			);
			defaultConfigurationIsVisible = 0;
			defaultConfigurationName = Debug;
		};
/* End XCConfigurationList section */
	};
	rootObject = F05F70B0FEEA28FF049A819F /* Project object */;
}
